
Microsoft Visual Studio Solution File, Format Version 12.00
# Visual Studio Version 17
VisualStudioVersion = 17.0.31903.59
MinimumVisualStudioVersion = 10.0.40219.1
Project("{2150E333-8FDC-42A3-9474-1A3956D46DE8}") = "Adapters", "Adapters", "{02EA681E-C7D8-13C7-8484-4AC65E1B71E8}"
EndProject
Project("{2150E333-8FDC-42A3-9474-1A3956D46DE8}") = "Drivers", "Drivers", "{214E2F04-F0D0-4C6A-B607-8D35723A400D}"
EndProject
Project("{2150E333-8FDC-42A3-9474-1A3956D46DE8}") = "Logic", "Logic", "{6DE1216F-B631-489C-AE4E-EF807F8B57B9}"
EndProject
Project("{2150E333-8FDC-42A3-9474-1A3956D46DE8}") = "Rules", "Rules", "{17194197-82AB-42E2-8BD4-A2FBB2C563F8}"
EndProject
Project("{FAE04EC0-301F-11D3-BF4B-00C04F79EFBC}") = "AsyncImage-Fetcher-Service.Adapters.Api", "Src\Adapters\Api\AsyncImage-Fetcher-Service.Adapters.Api\AsyncImage-Fetcher-Service.Adapters.Api.csproj", "{F42A87FF-9212-4A95-A73E-C269C626C6FE}"
EndProject
Project("{FAE04EC0-301F-11D3-BF4B-00C04F79EFBC}") = "AsyncImage-Fetcher-Service.Adapters.Api.Test", "Src\Adapters\Api\AsyncImage-Fetcher-Service.Adapters.Api.Test\AsyncImage-Fetcher-Service.Adapters.Api.Test.csproj", "{B458BCBF-F0E4-4197-851C-6B6BBCA518BB}"
EndProject
Project("{2150E333-8FDC-42A3-9474-1A3956D46DE8}") = "Api", "Api", "{1F80D715-54DB-4870-BA20-1AE1AB87F657}"
EndProject
Project("{2150E333-8FDC-42A3-9474-1A3956D46DE8}") = "Data", "Data", "{AC15F3F8-7CBB-4EF3-AAD6-F1FCE7ABB5E8}"
EndProject
Project("{2150E333-8FDC-42A3-9474-1A3956D46DE8}") = "Requests", "Requests", "{71CC0CA9-F88F-4503-B70F-89B8088A0416}"
EndProject
Project("{FAE04EC0-301F-11D3-BF4B-00C04F79EFBC}") = "AsyncImage-Fetcher-Service.Drivers.Data", "Src\Drivers\Data\AsyncImage-Fetcher-Service.Drivers.Data\AsyncImage-Fetcher-Service.Drivers.Data.csproj", "{9622FA5D-6341-40DF-BEE3-F224CCFD3D1A}"
EndProject
Project("{FAE04EC0-301F-11D3-BF4B-00C04F79EFBC}") = "AsyncImage-Fetcher-Service.Drivers.Data.Test", "Src\Drivers\Data\AsyncImage-Fetcher-Service.Drivers.Data.Test\AsyncImage-Fetcher-Service.Drivers.Data.Test.csproj", "{46F2C738-3EE1-4726-B137-71FC78947645}"
EndProject
Project("{FAE04EC0-301F-11D3-BF4B-00C04F79EFBC}") = "AsyncImage-Fetcher-Service.Drivers.Requests", "Src\Drivers\Requests\AsyncImage-Fetcher-Service.Drivers.Requests\AsyncImage-Fetcher-Service.Drivers.Requests.csproj", "{566B9A50-1A7C-4A46-9288-B56A4C2C16CB}"
EndProject
Project("{FAE04EC0-301F-11D3-BF4B-00C04F79EFBC}") = "AsyncImage-Fetcher-Service.Drivers.Requests.Test", "Src\Drivers\Requests\AsyncImage-Fetcher-Service.Drivers.Requests.Test\AsyncImage-Fetcher-Service.Drivers.Requests.Test.csproj", "{3B90510A-3AA6-49D4-BC11-207EA36A1A9B}"
EndProject
Project("{FAE04EC0-301F-11D3-BF4B-00C04F79EFBC}") = "AsyncImage-Fetcher-Service.Logic", "Src\Logic\AsyncImage-Fetcher-Service.Logic\AsyncImage-Fetcher-Service.Logic.csproj", "{4266EB02-20BD-4E65-859C-419B42A5448D}"
EndProject
Project("{2150E333-8FDC-42A3-9474-1A3956D46DE8}") = "System", "System", "{8D097064-90D4-4AC8-9E8A-C8A72E84FD35}"
EndProject
Project("{FAE04EC0-301F-11D3-BF4B-00C04F79EFBC}") = "AsyncImage-Fetcher-Service.System.Acceptance.Test", "Src\System\AsyncImage-Fetcher-Service.System.Acceptance.Test\AsyncImage-Fetcher-Service.System.Acceptance.Test.csproj", "{F31A7D75-6BB8-42A9-8FFF-22D1040DAF91}"
EndProject
Project("{FAE04EC0-301F-11D3-BF4B-00C04F79EFBC}") = "AsyncImage-Fetcher-Service.System.Architectural.Test", "Src\System\AsyncImage-Fetcher-Service.System.Architectural.Test\AsyncImage-Fetcher-Service.System.Architectural.Test.csproj", "{7F68A727-E319-4F21-8571-689997666752}"
EndProject
Project("{FAE04EC0-301F-11D3-BF4B-00C04F79EFBC}") = "AsyncImage_Fetcher_Service.Rules", "Src\Rules\AsyncImage_Fetcher_Service.Rules\AsyncImage_Fetcher_Service.Rules.csproj", "{35F56B1C-9441-4339-8AF8-C7BEF66C894F}"
EndProject
Project("{FAE04EC0-301F-11D3-BF4B-00C04F79EFBC}") = "AsyncImage_Fetcher_Service.Rules.Test", "Src\Rules\AsyncImage_Fetcher_Service.Rules.Test\AsyncImage_Fetcher_Service.Rules.Test.csproj", "{EF15DDB7-6449-4941-940D-93F2038164DD}"
EndProject
Project("{FAE04EC0-301F-11D3-BF4B-00C04F79EFBC}") = "AsyncImage_Fetcher_Service.Logic.Test", "Src\Logic\AsyncImage_Fetcher_Service.Logic.Test\AsyncImage_Fetcher_Service.Logic.Test.csproj", "{8FEB8FA3-36C9-4CCB-8BA3-8E4A20CF4982}"
EndProject
Global
	GlobalSection(SolutionConfigurationPlatforms) = preSolution
		Debug|Any CPU = Debug|Any CPU
		Release|Any CPU = Release|Any CPU
	EndGlobalSection
	GlobalSection(ProjectConfigurationPlatforms) = postSolution
		{F42A87FF-9212-4A95-A73E-C269C626C6FE}.Debug|Any CPU.ActiveCfg = Debug|Any CPU
		{F42A87FF-9212-4A95-A73E-C269C626C6FE}.Debug|Any CPU.Build.0 = Debug|Any CPU
		{F42A87FF-9212-4A95-A73E-C269C626C6FE}.Release|Any CPU.ActiveCfg = Release|Any CPU
		{F42A87FF-9212-4A95-A73E-C269C626C6FE}.Release|Any CPU.Build.0 = Release|Any CPU
		{B458BCBF-F0E4-4197-851C-6B6BBCA518BB}.Debug|Any CPU.ActiveCfg = Debug|Any CPU
		{B458BCBF-F0E4-4197-851C-6B6BBCA518BB}.Debug|Any CPU.Build.0 = Debug|Any CPU
		{B458BCBF-F0E4-4197-851C-6B6BBCA518BB}.Release|Any CPU.ActiveCfg = Release|Any CPU
		{B458BCBF-F0E4-4197-851C-6B6BBCA518BB}.Release|Any CPU.Build.0 = Release|Any CPU
		{9622FA5D-6341-40DF-BEE3-F224CCFD3D1A}.Debug|Any CPU.ActiveCfg = Debug|Any CPU
		{9622FA5D-6341-40DF-BEE3-F224CCFD3D1A}.Debug|Any CPU.Build.0 = Debug|Any CPU
		{9622FA5D-6341-40DF-BEE3-F224CCFD3D1A}.Release|Any CPU.ActiveCfg = Release|Any CPU
		{9622FA5D-6341-40DF-BEE3-F224CCFD3D1A}.Release|Any CPU.Build.0 = Release|Any CPU
		{46F2C738-3EE1-4726-B137-71FC78947645}.Debug|Any CPU.ActiveCfg = Debug|Any CPU
		{46F2C738-3EE1-4726-B137-71FC78947645}.Debug|Any CPU.Build.0 = Debug|Any CPU
		{46F2C738-3EE1-4726-B137-71FC78947645}.Release|Any CPU.ActiveCfg = Release|Any CPU
		{46F2C738-3EE1-4726-B137-71FC78947645}.Release|Any CPU.Build.0 = Release|Any CPU
		{566B9A50-1A7C-4A46-9288-B56A4C2C16CB}.Debug|Any CPU.ActiveCfg = Debug|Any CPU
		{566B9A50-1A7C-4A46-9288-B56A4C2C16CB}.Debug|Any CPU.Build.0 = Debug|Any CPU
		{566B9A50-1A7C-4A46-9288-B56A4C2C16CB}.Release|Any CPU.ActiveCfg = Release|Any CPU
		{566B9A50-1A7C-4A46-9288-B56A4C2C16CB}.Release|Any CPU.Build.0 = Release|Any CPU
		{3B90510A-3AA6-49D4-BC11-207EA36A1A9B}.Debug|Any CPU.ActiveCfg = Debug|Any CPU
		{3B90510A-3AA6-49D4-BC11-207EA36A1A9B}.Debug|Any CPU.Build.0 = Debug|Any CPU
		{3B90510A-3AA6-49D4-BC11-207EA36A1A9B}.Release|Any CPU.ActiveCfg = Release|Any CPU
		{3B90510A-3AA6-49D4-BC11-207EA36A1A9B}.Release|Any CPU.Build.0 = Release|Any CPU
		{4266EB02-20BD-4E65-859C-419B42A5448D}.Debug|Any CPU.ActiveCfg = Debug|Any CPU
		{4266EB02-20BD-4E65-859C-419B42A5448D}.Debug|Any CPU.Build.0 = Debug|Any CPU
		{4266EB02-20BD-4E65-859C-419B42A5448D}.Release|Any CPU.ActiveCfg = Release|Any CPU
		{4266EB02-20BD-4E65-859C-419B42A5448D}.Release|Any CPU.Build.0 = Release|Any CPU
		{F31A7D75-6BB8-42A9-8FFF-22D1040DAF91}.Debug|Any CPU.ActiveCfg = Debug|Any CPU
		{F31A7D75-6BB8-42A9-8FFF-22D1040DAF91}.Debug|Any CPU.Build.0 = Debug|Any CPU
		{F31A7D75-6BB8-42A9-8FFF-22D1040DAF91}.Release|Any CPU.ActiveCfg = Release|Any CPU
		{F31A7D75-6BB8-42A9-8FFF-22D1040DAF91}.Release|Any CPU.Build.0 = Release|Any CPU
		{7F68A727-E319-4F21-8571-689997666752}.Debug|Any CPU.ActiveCfg = Debug|Any CPU
		{7F68A727-E319-4F21-8571-689997666752}.Debug|Any CPU.Build.0 = Debug|Any CPU
		{7F68A727-E319-4F21-8571-689997666752}.Release|Any CPU.ActiveCfg = Release|Any CPU
		{7F68A727-E319-4F21-8571-689997666752}.Release|Any CPU.Build.0 = Release|Any CPU
		{35F56B1C-9441-4339-8AF8-C7BEF66C894F}.Debug|Any CPU.ActiveCfg = Debug|Any CPU
		{35F56B1C-9441-4339-8AF8-C7BEF66C894F}.Debug|Any CPU.Build.0 = Debug|Any CPU
		{35F56B1C-9441-4339-8AF8-C7BEF66C894F}.Release|Any CPU.ActiveCfg = Release|Any CPU
		{35F56B1C-9441-4339-8AF8-C7BEF66C894F}.Release|Any CPU.Build.0 = Release|Any CPU
		{EF15DDB7-6449-4941-940D-93F2038164DD}.Debug|Any CPU.ActiveCfg = Debug|Any CPU
		{EF15DDB7-6449-4941-940D-93F2038164DD}.Debug|Any CPU.Build.0 = Debug|Any CPU
		{EF15DDB7-6449-4941-940D-93F2038164DD}.Release|Any CPU.ActiveCfg = Release|Any CPU
		{EF15DDB7-6449-4941-940D-93F2038164DD}.Release|Any CPU.Build.0 = Release|Any CPU
		{8FEB8FA3-36C9-4CCB-8BA3-8E4A20CF4982}.Debug|Any CPU.ActiveCfg = Debug|Any CPU
		{8FEB8FA3-36C9-4CCB-8BA3-8E4A20CF4982}.Debug|Any CPU.Build.0 = Debug|Any CPU
		{8FEB8FA3-36C9-4CCB-8BA3-8E4A20CF4982}.Release|Any CPU.ActiveCfg = Release|Any CPU
		{8FEB8FA3-36C9-4CCB-8BA3-8E4A20CF4982}.Release|Any CPU.Build.0 = Release|Any CPU
	EndGlobalSection
	GlobalSection(SolutionProperties) = preSolution
		HideSolutionNode = FALSE
	EndGlobalSection
	GlobalSection(NestedProjects) = preSolution
		{F42A87FF-9212-4A95-A73E-C269C626C6FE} = {1F80D715-54DB-4870-BA20-1AE1AB87F657}
		{B458BCBF-F0E4-4197-851C-6B6BBCA518BB} = {1F80D715-54DB-4870-BA20-1AE1AB87F657}
		{1F80D715-54DB-4870-BA20-1AE1AB87F657} = {02EA681E-C7D8-13C7-8484-4AC65E1B71E8}
		{AC15F3F8-7CBB-4EF3-AAD6-F1FCE7ABB5E8} = {214E2F04-F0D0-4C6A-B607-8D35723A400D}
		{71CC0CA9-F88F-4503-B70F-89B8088A0416} = {214E2F04-F0D0-4C6A-B607-8D35723A400D}
		{9622FA5D-6341-40DF-BEE3-F224CCFD3D1A} = {AC15F3F8-7CBB-4EF3-AAD6-F1FCE7ABB5E8}
		{46F2C738-3EE1-4726-B137-71FC78947645} = {AC15F3F8-7CBB-4EF3-AAD6-F1FCE7ABB5E8}
		{566B9A50-1A7C-4A46-9288-B56A4C2C16CB} = {71CC0CA9-F88F-4503-B70F-89B8088A0416}
		{3B90510A-3AA6-49D4-BC11-207EA36A1A9B} = {71CC0CA9-F88F-4503-B70F-89B8088A0416}
		{4266EB02-20BD-4E65-859C-419B42A5448D} = {6DE1216F-B631-489C-AE4E-EF807F8B57B9}
		{F31A7D75-6BB8-42A9-8FFF-22D1040DAF91} = {8D097064-90D4-4AC8-9E8A-C8A72E84FD35}
		{7F68A727-E319-4F21-8571-689997666752} = {8D097064-90D4-4AC8-9E8A-C8A72E84FD35}
		{35F56B1C-9441-4339-8AF8-C7BEF66C894F} = {17194197-82AB-42E2-8BD4-A2FBB2C563F8}
		{EF15DDB7-6449-4941-940D-93F2038164DD} = {17194197-82AB-42E2-8BD4-A2FBB2C563F8}
		{8FEB8FA3-36C9-4CCB-8BA3-8E4A20CF4982} = {6DE1216F-B631-489C-AE4E-EF807F8B57B9}
	EndGlobalSection
	GlobalSection(ExtensibilityGlobals) = postSolution
		SolutionGuid = {D3DB7529-1964-4E6A-B8C9-6DCF77E27AC7}
	EndGlobalSection
EndGlobal
